<?xml version="1.0" encoding="utf-8"?>
<Project ToolsVersion="4.0" xmlns="http://schemas.microsoft.com/developer/msbuild/2003">
  <ItemGroup>
    <ClCompile Include="main.cpp" />
    <ClCompile Include="dep\imgui\imgui.cpp" />
    <ClCompile Include="dep\imgui\imgui_demo.cpp" />
    <ClCompile Include="dep\imgui\imgui_draw.cpp" />
    <ClCompile Include="dep\imgui\imgui_tables.cpp" />
    <ClCompile Include="dep\imgui\imgui_widgets.cpp" />
    <ClCompile Include="dep\imgui\backends\imgui_impl_opengl3.cpp" />
    <ClCompile Include="dep\imgui\backends\imgui_impl_win32.cpp" />
  </ItemGroup>
  <ItemGroup>
    <ClInclude Include="big_int.h" />
    <ClInclude Include="randmesh.h" />
  </ItemGroup>
  <ItemGroup>
    <MASM Include="hvv.asm" />
  </ItemGroup>
</Project>